
Microsoft Visual Studio Solution File, Format Version 12.00
# Visual Studio Version 17
VisualStudioVersion = 17.6.33815.320
MinimumVisualStudioVersion = 10.0.40219.1
Project("{FAE04EC0-301F-11D3-BF4B-00C04F79EFBC}") = "ChristmasBoxes", "ChristmasBoxes\ChristmasBoxes.csproj", "{32B8108F-80E5-4D5E-B59E-E9A859BA1BC0}"
EndProject
Global
	GlobalSection(SolutionConfigurationPlatforms) = preSolution
		Debug|Any CPU = Debug|Any CPU
		Release|Any CPU = Release|Any CPU
	EndGlobalSection
	GlobalSection(ProjectConfigurationPlatforms) = postSolution
		{32B8108F-80E5-4D5E-B59E-E9A859BA1BC0}.Debug|Any CPU.ActiveCfg = Debug|Any CPU
		{32B8108F-80E5-4D5E-B59E-E9A859BA1BC0}.Debug|Any CPU.Build.0 = Debug|Any CPU
		{32B8108F-80E5-4D5E-B59E-E9A859BA1BC0}.Release|Any CPU.ActiveCfg = Release|Any CPU
		{32B8108F-80E5-4D5E-B59E-E9A859BA1BC0}.Release|Any CPU.Build.0 = Release|Any CPU
	EndGlobalSection
	GlobalSection(SolutionProperties) = preSolution
		HideSolutionNode = FALSE
	EndGlobalSection
	GlobalSection(ExtensibilityGlobals) = postSolution
		SolutionGuid = {33771EF6-6D43-48FD-871F-04F142080949}
	EndGlobalSection
EndGlobal
